hash: 8ec59bbd36e227c2d2feaf7365bddfe82ae21e451e47a43bdf4876134eacafa6
updated: 2017-01-27T02:40:54.576985349-08:00
imports:
- name: github.com/appscode/go
  version: 2b10f748f0201d9d077ef7dedaf39669c0029fc9
  subpackages:
  - net
  - net/httpclient
  - version
- name: github.com/cenkalti/backoff
  version: 32cd0c5b3aef12c76ed64aaf678f6c79736be7dc
- name: github.com/google/go-querystring
  version: 547ef5ac979778feb2f760cdb5f4eae1a2207b86
  subpackages:
  - query
- name: github.com/inconshreveable/mousetrap
  version: 76626ae9c91c4f2a10f34cad8ce83ea42c93bb75
- name: github.com/spf13/cobra
  version: 9c28e4bbd74e5c3ed7aacbc552b2cab7cfdfe744
- name: github.com/spf13/pflag
  version: c7e63cf4530bcd3ba943729cee0efeff2ebea63f
testImports: []
